// !$*UTF8*$!
{
	archiveVersion = 1;
	classes = {
	};
	objectVersion = 46;
	objects = {

/* Begin PBXBuildFile section */
		9128027D15D598E500594D62 /* Cocoa.framework in Frameworks */ = {isa = PBXBuildFile; fileRef = 9128027C15D598E500594D62 /* Cocoa.framework */; };
		9128028715D598E500594D62 /* InfoPlist.strings in Resources */ = {isa = PBXBuildFile; fileRef = 9128028515D598E500594D62 /* InfoPlist.strings */; };
		9128028915D598E500594D62 /* main.m in Sources */ = {isa = PBXBuildFile; fileRef = 9128028815D598E500594D62 /* main.m */; };
		9128028D15D598E500594D62 /* Credits.rtf in Resources */ = {isa = PBXBuildFile; fileRef = 9128028B15D598E500594D62 /* Credits.rtf */; };
		9128029015D598E500594D62 /* DasAppDelegate.m in Sources */ = {isa = PBXBuildFile; fileRef = 9128028F15D598E500594D62 /* DasAppDelegate.m */; };
		9128029315D598E500594D62 /* MainMenu.xib in Resources */ = {isa = PBXBuildFile; fileRef = 9128029115D598E500594D62 /* MainMenu.xib */; };
/* End PBXBuildFile section */

/* Begin PBXFileReference section */
		9128027815D598E500594D62 /* dasShiny.app */ = {isa = PBXFileReference; explicitFileType = wrapper.application; includeInIndex = 0; path = dasShiny.app; sourceTree = BUILT_PRODUCTS_DIR; };
		9128027C15D598E500594D62 /* Cocoa.framework */ = {isa = PBXFileReference; lastKnownFileType = wrapper.framework; name = Cocoa.framework; path = System/Library/Frameworks/Cocoa.framework; sourceTree = SDKROOT; };
		9128027F15D598E500594D62 /* AppKit.framework */ = {isa = PBXFileReference; lastKnownFileType = wrapper.framework; name = AppKit.framework; path = System/Library/Frameworks/AppKit.framework; sourceTree = SDKROOT; };
		9128028015D598E500594D62 /* CoreData.framework */ = {isa = PBXFileReference; lastKnownFileType = wrapper.framework; name = CoreData.framework; path = System/Library/Frameworks/CoreData.framework; sourceTree = SDKROOT; };
		9128028115D598E500594D62 /* Foundation.framework */ = {isa = PBXFileReference; lastKnownFileType = wrapper.framework; name = Foundation.framework; path = System/Library/Frameworks/Foundation.framework; sourceTree = SDKROOT; };
		9128028415D598E500594D62 /* dasShiny-Info.plist */ = {isa = PBXFileReference; lastKnownFileType = text.plist.xml; path = "dasShiny-Info.plist"; sourceTree = "<group>"; };
		9128028615D598E500594D62 /* en */ = {isa = PBXFileReference; lastKnownFileType = text.plist.strings; name = en; path = en.lproj/InfoPlist.strings; sourceTree = "<group>"; };
		9128028815D598E500594D62 /* main.m */ = {isa = PBXFileReference; lastKnownFileType = sourcecode.c.objc; path = main.m; sourceTree = "<group>"; };
		9128028A15D598E500594D62 /* dasShiny-Prefix.pch */ = {isa = PBXFileReference; lastKnownFileType = sourcecode.c.h; path = "dasShiny-Prefix.pch"; sourceTree = "<group>"; };
		9128028C15D598E500594D62 /* en */ = {isa = PBXFileReference; lastKnownFileType = text.rtf; name = en; path = en.lproj/Credits.rtf; sourceTree = "<group>"; };
		9128028E15D598E500594D62 /* DasAppDelegate.h */ = {isa = PBXFileReference; lastKnownFileType = sourcecode.c.h; path = DasAppDelegate.h; sourceTree = "<group>"; };
		9128028F15D598E500594D62 /* DasAppDelegate.m */ = {isa = PBXFileReference; lastKnownFileType = sourcecode.c.objc; path = DasAppDelegate.m; sourceTree = "<group>"; };
		9128029215D598E500594D62 /* en */ = {isa = PBXFileReference; lastKnownFileType = file.xib; name = en; path = en.lproj/MainMenu.xib; sourceTree = "<group>"; };
/* End PBXFileReference section */

/* Begin PBXFrameworksBuildPhase section */
		9128027515D598E500594D62 /* Frameworks */ = {
			isa = PBXFrameworksBuildPhase;
			buildActionMask = 2147483647;
			files = (
				9128027D15D598E500594D62 /* Cocoa.framework in Frameworks */,
			);
			runOnlyForDeploymentPostprocessing = 0;
		};
/* End PBXFrameworksBuildPhase section */

/* Begin PBXGroup section */
		9128026D15D598E500594D62 = {
			isa = PBXGroup;
			children = (
				9128028215D598E500594D62 /* dasShiny */,
				9128027B15D598E500594D62 /* Frameworks */,
				9128027915D598E500594D62 /* Products */,
			);
			sourceTree = "<group>";
		};
		9128027915D598E500594D62 /* Products */ = {
			isa = PBXGroup;
			children = (
				9128027815D598E500594D62 /* dasShiny.app */,
			);
			name = Products;
			sourceTree = "<group>";
		};
		9128027B15D598E500594D62 /* Frameworks */ = {
			isa = PBXGroup;
			children = (
				9128027C15D598E500594D62 /* Cocoa.framework */,
				9128027E15D598E500594D62 /* Other Frameworks */,
			);
			name = Frameworks;
			sourceTree = "<group>";
		};
		9128027E15D598E500594D62 /* Other Frameworks */ = {
			isa = PBXGroup;
			children = (
				9128027F15D598E500594D62 /* AppKit.framework */,
				9128028015D598E500594D62 /* CoreData.framework */,
				9128028115D598E500594D62 /* Foundation.framework */,
			);
			name = "Other Frameworks";
			sourceTree = "<group>";
		};
		9128028215D598E500594D62 /* dasShiny */ = {
			isa = PBXGroup;
			children = (
				9128028E15D598E500594D62 /* DasAppDelegate.h */,
				9128028F15D598E500594D62 /* DasAppDelegate.m */,
				9128029115D598E500594D62 /* MainMenu.xib */,
				9128028315D598E500594D62 /* Supporting Files */,
			);
			path = dasShiny;
			sourceTree = "<group>";
		};
		9128028315D598E500594D62 /* Supporting Files */ = {
			isa = PBXGroup;
			children = (
				9128028415D598E500594D62 /* dasShiny-Info.plist */,
				9128028515D598E500594D62 /* InfoPlist.strings */,
				9128028815D598E500594D62 /* main.m */,
				9128028A15D598E500594D62 /* dasShiny-Prefix.pch */,
				9128028B15D598E500594D62 /* Credits.rtf */,
			);
			name = "Supporting Files";
			sourceTree = "<group>";
		};
/* End PBXGroup section */

/* Begin PBXNativeTarget section */
		9128027715D598E500594D62 /* dasShiny */ = {
			isa = PBXNativeTarget;
			buildConfigurationList = 9128029615D598E500594D62 /* Build configuration list for PBXNativeTarget "dasShiny" */;
			buildPhases = (
				9128027415D598E500594D62 /* Sources */,
				9128027515D598E500594D62 /* Frameworks */,
				9128027615D598E500594D62 /* Resources */,
			);
			buildRules = (
			);
			dependencies = (
			);
			name = dasShiny;
			productName = dasShiny;
			productReference = 9128027815D598E500594D62 /* dasShiny.app */;
			productType = "com.apple.product-type.application";
		};
/* End PBXNativeTarget section */

/* Begin PBXProject section */
		9128026F15D598E500594D62 /* Project object */ = {
			isa = PBXProject;
			attributes = {
				CLASSPREFIX = Das;
				LastUpgradeCheck = 0440;
				ORGANIZATIONNAME = Cydrak;
			};
			buildConfigurationList = 9128027215D598E500594D62 /* Build configuration list for PBXProject "dasShiny" */;
			compatibilityVersion = "Xcode 3.2";
			developmentRegion = English;
			hasScannedForEncodings = 0;
			knownRegions = (
				en,
			);
			mainGroup = 9128026D15D598E500594D62;
			productRefGroup = 9128027915D598E500594D62 /* Products */;
			projectDirPath = "";
			projectRoot = "";
			targets = (
				9128027715D598E500594D62 /* dasShiny */,
			);
		};
/* End PBXProject section */

/* Begin PBXResourcesBuildPhase section */
		9128027615D598E500594D62 /* Resources */ = {
			isa = PBXResourcesBuildPhase;
			buildActionMask = 2147483647;
			files = (
				9128028715D598E500594D62 /* InfoPlist.strings in Resources */,
				9128028D15D598E500594D62 /* Credits.rtf in Resources */,
				9128029315D598E500594D62 /* MainMenu.xib in Resources */,
			);
			runOnlyForDeploymentPostprocessing = 0;
		};
/* End PBXResourcesBuildPhase section */

/* Begin PBXSourcesBuildPhase section */
		9128027415D598E500594D62 /* Sources */ = {
			isa = PBXSourcesBuildPhase;
			buildActionMask = 2147483647;
			files = (
				9128028915D598E500594D62 /* main.m in Sources */,
				9128029015D598E500594D62 /* DasAppDelegate.m in Sources */,
			);
			runOnlyForDeploymentPostprocessing = 0;
		};
/* End PBXSourcesBuildPhase section */

/* Begin PBXVariantGroup section */
		9128028515D598E500594D62 /* InfoPlist.strings */ = {
			isa = PBXVariantGroup;
			children = (
				9128028615D598E500594D62 /* en */,
			);
			name = InfoPlist.strings;
			sourceTree = "<group>";
		};
		9128028B15D598E500594D62 /* Credits.rtf */ = {
			isa = PBXVariantGroup;
			children = (
				9128028C15D598E500594D62 /* en */,
			);
			name = Credits.rtf;
			sourceTree = "<group>";
		};
		9128029115D598E500594D62 /* MainMenu.xib */ = {
			isa = PBXVariantGroup;
			children = (
				9128029215D598E500594D62 /* en */,
			);
			name = MainMenu.xib;
			sourceTree = "<group>";
		};
/* End PBXVariantGroup section */

/* Begin XCBuildConfiguration section */
		9128029415D598E500594D62 /* Debug */ = {
			isa = XCBuildConfiguration;
			buildSettings = {
				ALWAYS_SEARCH_USER_PATHS = NO;
				ARCHS = "$(ARCHS_STANDARD_64_BIT)";
				CLANG_CXX_LANGUAGE_STANDARD = "gnu++0x";
				CLANG_ENABLE_OBJC_ARC = YES;
				CLANG_WARN__DUPLICATE_METHOD_MATCH = YES;
				COPY_PHASE_STRIP = NO;
				GCC_C_LANGUAGE_STANDARD = gnu99;
				GCC_DYNAMIC_NO_PIC = NO;
				GCC_ENABLE_OBJC_EXCEPTIONS = YES;
				GCC_OPTIMIZATION_LEVEL = 0;
				GCC_PREPROCESSOR_DEFINITIONS = (
					"DEBUG=1",
					"$(inherited)",
				);
				GCC_SYMBOLS_PRIVATE_EXTERN = NO;
				GCC_WARN_64_TO_32_BIT_CONVERSION = YES;
				GCC_WARN_ABOUT_RETURN_TYPE = YES;
				GCC_WARN_UNINITIALIZED_AUTOS = YES;
				GCC_WARN_UNUSED_VARIABLE = YES;
				MACOSX_DEPLOYMENT_TARGET = 10.7;
				ONLY_ACTIVE_ARCH = YES;
				SDKROOT = macosx;
			};
			name = Debug;
		};
		9128029515D598E500594D62 /* Release */ = {
			isa = XCBuildConfiguration;
			buildSettings = {
				ALWAYS_SEARCH_USER_PATHS = NO;
				ARCHS = "$(ARCHS_STANDARD_64_BIT)";
				CLANG_CXX_LANGUAGE_STANDARD = "gnu++0x";
				CLANG_ENABLE_OBJC_ARC = YES;
				CLANG_WARN__DUPLICATE_METHOD_MATCH = YES;
				COPY_PHASE_STRIP = YES;
				DEBUG_INFORMATION_FORMAT = "dwarf-with-dsym";
				GCC_C_LANGUAGE_STANDARD = gnu99;
				GCC_ENABLE_OBJC_EXCEPTIONS = YES;
				GCC_WARN_64_TO_32_BIT_CONVERSION = YES;
				GCC_WARN_ABOUT_RETURN_TYPE = YES;
				GCC_WARN_UNINITIALIZED_AUTOS = YES;
				GCC_WARN_UNUSED_VARIABLE = YES;
				MACOSX_DEPLOYMENT_TARGET = 10.7;
				SDKROOT = macosx;
			};
			name = Release;
		};
		9128029715D598E500594D62 /* Debug */ = {
			isa = XCBuildConfiguration;
			buildSettings = {
				COMBINE_HIDPI_IMAGES = YES;
				GCC_PRECOMPILE_PREFIX_HEADER = YES;
				GCC_PREFIX_HEADER = "dasShiny/dasShiny-Prefix.pch";
				INFOPLIST_FILE = "dasShiny/dasShiny-Info.plist";
				PRODUCT_NAME = "$(TARGET_NAME)";
				WRAPPER_EXTENSION = app;
			};
			name = Debug;
		};
		9128029815D598E500594D62 /* Release */ = {
			isa = XCBuildConfiguration;
			buildSettings = {
				COMBINE_HIDPI_IMAGES = YES;
				GCC_PRECOMPILE_PREFIX_HEADER = YES;
				GCC_PREFIX_HEADER = "dasShiny/dasShiny-Prefix.pch";
				INFOPLIST_FILE = "dasShiny/dasShiny-Info.plist";
				PRODUCT_NAME = "$(TARGET_NAME)";
				WRAPPER_EXTENSION = app;
			};
			name = Release;
		};
/* End XCBuildConfiguration section */

/* Begin XCConfigurationList section */
		9128027215D598E500594D62 /* Build configuration list for PBXProject "dasShiny" */ = {
			isa = XCConfigurationList;
			buildConfigurations = (
				9128029415D598E500594D62 /* Debug */,
				9128029515D598E500594D62 /* Release */,
			);
			defaultConfigurationIsVisible = 0;
			defaultConfigurationName = Release;
		};
		9128029615D598E500594D62 /* Build configuration list for PBXNativeTarget "dasShiny" */ = {
			isa = XCConfigurationList;
			buildConfigurations = (
				9128029715D598E500594D62 /* Debug */,
				9128029815D598E500594D62 /* Release */,
			);
			defaultConfigurationIsVisible = 0;
		};
/* End XCConfigurationList section */
	};
	rootObject = 9128026F15D598E500594D62 /* Project object */;
}
